// !$*UTF8*$!
{
	archiveVersion = 1;
	classes = {
	};
	objectVersion = 55;
	objects = {

/* Begin PBXBuildFile section */
		BBF1E66927A38A80009F5FD6 /* AppDelegate.swift in Sources */ = {isa = PBXBuildFile; fileRef = BBF1E66827A38A80009F5FD6 /* AppDelegate.swift */; };
		BBF1E66B27A38A80009F5FD6 /* SceneDelegate.swift in Sources */ = {isa = PBXBuildFile; fileRef = BBF1E66A27A38A80009F5FD6 /* SceneDelegate.swift */; };
		BBF1E66D27A38A80009F5FD6 /* ViewController.swift in Sources */ = {isa = PBXBuildFile; fileRef = BBF1E66C27A38A80009F5FD6 /* ViewController.swift */; };
		BBF1E67027A38A80009F5FD6 /* Main.storyboard in Resources */ = {isa = PBXBuildFile; fileRef = BBF1E66E27A38A80009F5FD6 /* Main.storyboard */; };
		BBF1E67327A38A80009F5FD6 /* TipCalculator.xcdatamodeld in Sources */ = {isa = PBXBuildFile; fileRef = BBF1E67127A38A80009F5FD6 /* TipCalculator.xcdatamodeld */; };
		BBF1E67527A38A85009F5FD6 /* Assets.xcassets in Resources */ = {isa = PBXBuildFile; fileRef = BBF1E67427A38A85009F5FD6 /* Assets.xcassets */; };
		BBF1E67827A38A85009F5FD6 /* LaunchScreen.storyboard in Resources */ = {isa = PBXBuildFile; fileRef = BBF1E67627A38A85009F5FD6 /* LaunchScreen.storyboard */; };
		BBF1E68327A38A86009F5FD6 /* TipCalculatorTests.swift in Sources */ = {isa = PBXBuildFile; fileRef = BBF1E68227A38A86009F5FD6 /* TipCalculatorTests.swift */; };
		BBF1E68D27A38A86009F5FD6 /* TipCalculatorUITests.swift in Sources */ = {isa = PBXBuildFile; fileRef = BBF1E68C27A38A86009F5FD6 /* TipCalculatorUITests.swift */; };
		BBF1E68F27A38A86009F5FD6 /* TipCalculatorUITestsLaunchTests.swift in Sources */ = {isa = PBXBuildFile; fileRef = BBF1E68E27A38A86009F5FD6 /* TipCalculatorUITestsLaunchTests.swift */; };
/* End PBXBuildFile section */

/* Begin PBXContainerItemProxy section */
		BBF1E67F27A38A86009F5FD6 /* PBXContainerItemProxy */ = {
			isa = PBXContainerItemProxy;
			containerPortal = BBF1E65D27A38A80009F5FD6 /* Project object */;
			proxyType = 1;
			remoteGlobalIDString = BBF1E66427A38A80009F5FD6;
			remoteInfo = TipCalculator;
		};
		BBF1E68927A38A86009F5FD6 /* PBXContainerItemProxy */ = {
			isa = PBXContainerItemProxy;
			containerPortal = BBF1E65D27A38A80009F5FD6 /* Project object */;
			proxyType = 1;
			remoteGlobalIDString = BBF1E66427A38A80009F5FD6;
			remoteInfo = TipCalculator;
		};
/* End PBXContainerItemProxy section */

/* Begin PBXFileReference section */
		BBF1E66527A38A80009F5FD6 /* TipCalculator.app */ = {isa = PBXFileReference; explicitFileType = wrapper.application; includeInIndex = 0; path = TipCalculator.app; sourceTree = BUILT_PRODUCTS_DIR; };
		BBF1E66827A38A80009F5FD6 /* AppDelegate.swift */ = {isa = PBXFileReference; lastKnownFileType = sourcecode.swift; path = AppDelegate.swift; sourceTree = "<group>"; };
		BBF1E66A27A38A80009F5FD6 /* SceneDelegate.swift */ = {isa = PBXFileReference; lastKnownFileType = sourcecode.swift; path = SceneDelegate.swift; sourceTree = "<group>"; };
		BBF1E66C27A38A80009F5FD6 /* ViewController.swift */ = {isa = PBXFileReference; lastKnownFileType = sourcecode.swift; path = ViewController.swift; sourceTree = "<group>"; };
		BBF1E66F27A38A80009F5FD6 /* Base */ = {isa = PBXFileReference; lastKnownFileType = file.storyboard; name = Base; path = Base.lproj/Main.storyboard; sourceTree = "<group>"; };
		BBF1E67227A38A80009F5FD6 /* TipCalculator.xcdatamodel */ = {isa = PBXFileReference; lastKnownFileType = wrapper.xcdatamodel; path = TipCalculator.xcdatamodel; sourceTree = "<group>"; };
		BBF1E67427A38A85009F5FD6 /* Assets.xcassets */ = {isa = PBXFileReference; lastKnownFileType = folder.assetcatalog; path = Assets.xcassets; sourceTree = "<group>"; };
		BBF1E67727A38A85009F5FD6 /* Base */ = {isa = PBXFileReference; lastKnownFileType = file.storyboard; name = Base; path = Base.lproj/LaunchScreen.storyboard; sourceTree = "<group>"; };
		BBF1E67927A38A85009F5FD6 /* Info.plist */ = {isa = PBXFileReference; lastKnownFileType = text.plist.xml; path = Info.plist; sourceTree = "<group>"; };
		BBF1E67E27A38A86009F5FD6 /* TipCalculatorTests.xctest */ = {isa = PBXFileReference; explicitFileType = wrapper.cfbundle; includeInIndex = 0; path = TipCalculatorTests.xctest; sourceTree = BUILT_PRODUCTS_DIR; };
		BBF1E68227A38A86009F5FD6 /* TipCalculatorTests.swift */ = {isa = PBXFileReference; lastKnownFileType = sourcecode.swift; path = TipCalculatorTests.swift; sourceTree = "<group>"; };
		BBF1E68827A38A86009F5FD6 /* TipCalculatorUITests.xctest */ = {isa = PBXFileReference; explicitFileType = wrapper.cfbundle; includeInIndex = 0; path = TipCalculatorUITests.xctest; sourceTree = BUILT_PRODUCTS_DIR; };
		BBF1E68C27A38A86009F5FD6 /* TipCalculatorUITests.swift */ = {isa = PBXFileReference; lastKnownFileType = sourcecode.swift; path = TipCalculatorUITests.swift; sourceTree = "<group>"; };
		BBF1E68E27A38A86009F5FD6 /* TipCalculatorUITestsLaunchTests.swift */ = {isa = PBXFileReference; lastKnownFileType = sourcecode.swift; path = TipCalculatorUITestsLaunchTests.swift; sourceTree = "<group>"; };
/* End PBXFileReference section */

/* Begin PBXFrameworksBuildPhase section */
		BBF1E66227A38A80009F5FD6 /* Frameworks */ = {
			isa = PBXFrameworksBuildPhase;
			buildActionMask = 2147483647;
			files = (
			);
			runOnlyForDeploymentPostprocessing = 0;
		};
		BBF1E67B27A38A86009F5FD6 /* Frameworks */ = {
			isa = PBXFrameworksBuildPhase;
			buildActionMask = 2147483647;
			files = (
			);
			runOnlyForDeploymentPostprocessing = 0;
		};
		BBF1E68527A38A86009F5FD6 /* Frameworks */ = {
			isa = PBXFrameworksBuildPhase;
			buildActionMask = 2147483647;
			files = (
			);
			runOnlyForDeploymentPostprocessing = 0;
		};
/* End PBXFrameworksBuildPhase section */

/* Begin PBXGroup section */
		BBF1E65C27A38A80009F5FD6 = {
			isa = PBXGroup;
			children = (
				BBF1E66727A38A80009F5FD6 /* TipCalculator */,
				BBF1E68127A38A86009F5FD6 /* TipCalculatorTests */,
				BBF1E68B27A38A86009F5FD6 /* TipCalculatorUITests */,
				BBF1E66627A38A80009F5FD6 /* Products */,
			);
			sourceTree = "<group>";
		};
		BBF1E66627A38A80009F5FD6 /* Products */ = {
			isa = PBXGroup;
			children = (
				BBF1E66527A38A80009F5FD6 /* TipCalculator.app */,
				BBF1E67E27A38A86009F5FD6 /* TipCalculatorTests.xctest */,
				BBF1E68827A38A86009F5FD6 /* TipCalculatorUITests.xctest */,
			);
			name = Products;
			sourceTree = "<group>";
		};
		BBF1E66727A38A80009F5FD6 /* TipCalculator */ = {
			isa = PBXGroup;
			children = (
				BBF1E66827A38A80009F5FD6 /* AppDelegate.swift */,
				BBF1E66A27A38A80009F5FD6 /* SceneDelegate.swift */,
				BBF1E66C27A38A80009F5FD6 /* ViewController.swift */,
				BBF1E66E27A38A80009F5FD6 /* Main.storyboard */,
				BBF1E67427A38A85009F5FD6 /* Assets.xcassets */,
				BBF1E67627A38A85009F5FD6 /* LaunchScreen.storyboard */,
				BBF1E67927A38A85009F5FD6 /* Info.plist */,
				BBF1E67127A38A80009F5FD6 /* TipCalculator.xcdatamodeld */,
			);
			path = TipCalculator;
			sourceTree = "<group>";
		};
		BBF1E68127A38A86009F5FD6 /* TipCalculatorTests */ = {
			isa = PBXGroup;
			children = (
				BBF1E68227A38A86009F5FD6 /* TipCalculatorTests.swift */,
			);
			path = TipCalculatorTests;
			sourceTree = "<group>";
		};
		BBF1E68B27A38A86009F5FD6 /* TipCalculatorUITests */ = {
			isa = PBXGroup;
			children = (
				BBF1E68C27A38A86009F5FD6 /* TipCalculatorUITests.swift */,
				BBF1E68E27A38A86009F5FD6 /* TipCalculatorUITestsLaunchTests.swift */,
			);
			path = TipCalculatorUITests;
			sourceTree = "<group>";
		};
/* End PBXGroup section */

/* Begin PBXNativeTarget section */
		BBF1E66427A38A80009F5FD6 /* TipCalculator */ = {
			isa = PBXNativeTarget;
			buildConfigurationList = BBF1E69227A38A86009F5FD6 /* Build configuration list for PBXNativeTarget "TipCalculator" */;
			buildPhases = (
				BBF1E66127A38A80009F5FD6 /* Sources */,
				BBF1E66227A38A80009F5FD6 /* Frameworks */,
				BBF1E66327A38A80009F5FD6 /* Resources */,
			);
			buildRules = (
			);
			dependencies = (
			);
			name = TipCalculator;
			productName = TipCalculator;
			productReference = BBF1E66527A38A80009F5FD6 /* TipCalculator.app */;
			productType = "com.apple.product-type.application";
		};
		BBF1E67D27A38A86009F5FD6 /* TipCalculatorTests */ = {
			isa = PBXNativeTarget;
			buildConfigurationList = BBF1E69527A38A86009F5FD6 /* Build configuration list for PBXNativeTarget "TipCalculatorTests" */;
			buildPhases = (
				BBF1E67A27A38A86009F5FD6 /* Sources */,
				BBF1E67B27A38A86009F5FD6 /* Frameworks */,
				BBF1E67C27A38A86009F5FD6 /* Resources */,
			);
			buildRules = (
			);
			dependencies = (
				BBF1E68027A38A86009F5FD6 /* PBXTargetDependency */,
			);
			name = TipCalculatorTests;
			productName = TipCalculatorTests;
			productReference = BBF1E67E27A38A86009F5FD6 /* TipCalculatorTests.xctest */;
			productType = "com.apple.product-type.bundle.unit-test";
		};
		BBF1E68727A38A86009F5FD6 /* TipCalculatorUITests */ = {
			isa = PBXNativeTarget;
			buildConfigurationList = BBF1E69827A38A86009F5FD6 /* Build configuration list for PBXNativeTarget "TipCalculatorUITests" */;
			buildPhases = (
				BBF1E68427A38A86009F5FD6 /* Sources */,
				BBF1E68527A38A86009F5FD6 /* Frameworks */,
				BBF1E68627A38A86009F5FD6 /* Resources */,
			);
			buildRules = (
			);
			dependencies = (
				BBF1E68A27A38A86009F5FD6 /* PBXTargetDependency */,
			);
			name = TipCalculatorUITests;
			productName = TipCalculatorUITests;
			productReference = BBF1E68827A38A86009F5FD6 /* TipCalculatorUITests.xctest */;
			productType = "com.apple.product-type.bundle.ui-testing";
		};
/* End PBXNativeTarget section */

/* Begin PBXProject section */
		BBF1E65D27A38A80009F5FD6 /* Project object */ = {
			isa = PBXProject;
			attributes = {
				BuildIndependentTargetsInParallel = 1;
				LastSwiftUpdateCheck = 1310;
				LastUpgradeCheck = 1310;
				TargetAttributes = {
					BBF1E66427A38A80009F5FD6 = {
						CreatedOnToolsVersion = 13.1;
					};
					BBF1E67D27A38A86009F5FD6 = {
						CreatedOnToolsVersion = 13.1;
						TestTargetID = BBF1E66427A38A80009F5FD6;
					};
					BBF1E68727A38A86009F5FD6 = {
						CreatedOnToolsVersion = 13.1;
						TestTargetID = BBF1E66427A38A80009F5FD6;
					};
				};
			};
			buildConfigurationList = BBF1E66027A38A80009F5FD6 /* Build configuration list for PBXProject "TipCalculator" */;
			compatibilityVersion = "Xcode 13.0";
			developmentRegion = en;
			hasScannedForEncodings = 0;
			knownRegions = (
				en,
				Base,
			);
			mainGroup = BBF1E65C27A38A80009F5FD6;
			productRefGroup = BBF1E66627A38A80009F5FD6 /* Products */;
			projectDirPath = "";
			projectRoot = "";
			targets = (
				BBF1E66427A38A80009F5FD6 /* TipCalculator */,
				BBF1E67D27A38A86009F5FD6 /* TipCalculatorTests */,
				BBF1E68727A38A86009F5FD6 /* TipCalculatorUITests */,
			);
		};
/* End PBXProject section */

/* Begin PBXResourcesBuildPhase section */
		BBF1E66327A38A80009F5FD6 /* Resources */ = {
			isa = PBXResourcesBuildPhase;
			buildActionMask = 2147483647;
			files = (
				BBF1E67827A38A85009F5FD6 /* LaunchScreen.storyboard in Resources */,
				BBF1E67527A38A85009F5FD6 /* Assets.xcassets in Resources */,
				BBF1E67027A38A80009F5FD6 /* Main.storyboard in Resources */,
			);
			runOnlyForDeploymentPostprocessing = 0;
		};
		BBF1E67C27A38A86009F5FD6 /* Resources */ = {
			isa = PBXResourcesBuildPhase;
			buildActionMask = 2147483647;
			files = (
			);
			runOnlyForDeploymentPostprocessing = 0;
		};
		BBF1E68627A38A86009F5FD6 /* Resources */ = {
			isa = PBXResourcesBuildPhase;
			buildActionMask = 2147483647;
			files = (
			);
			runOnlyForDeploymentPostprocessing = 0;
		};
/* End PBXResourcesBuildPhase section */

/* Begin PBXSourcesBuildPhase section */
		BBF1E66127A38A80009F5FD6 /* Sources */ = {
			isa = PBXSourcesBuildPhase;
			buildActionMask = 2147483647;
			files = (
				BBF1E66D27A38A80009F5FD6 /* ViewController.swift in Sources */,
				BBF1E67327A38A80009F5FD6 /* TipCalculator.xcdatamodeld in Sources */,
				BBF1E66927A38A80009F5FD6 /* AppDelegate.swift in Sources */,
				BBF1E66B27A38A80009F5FD6 /* SceneDelegate.swift in Sources */,
			);
			runOnlyForDeploymentPostprocessing = 0;
		};
		BBF1E67A27A38A86009F5FD6 /* Sources */ = {
			isa = PBXSourcesBuildPhase;
			buildActionMask = 2147483647;
			files = (
				BBF1E68327A38A86009F5FD6 /* TipCalculatorTests.swift in Sources */,
			);
			runOnlyForDeploymentPostprocessing = 0;
		};
		BBF1E68427A38A86009F5FD6 /* Sources */ = {
			isa = PBXSourcesBuildPhase;
			buildActionMask = 2147483647;
			files = (
				BBF1E68F27A38A86009F5FD6 /* TipCalculatorUITestsLaunchTests.swift in Sources */,
				BBF1E68D27A38A86009F5FD6 /* TipCalculatorUITests.swift in Sources */,
			);
			runOnlyForDeploymentPostprocessing = 0;
		};
/* End PBXSourcesBuildPhase section */

/* Begin PBXTargetDependency section */
		BBF1E68027A38A86009F5FD6 /* PBXTargetDependency */ = {
			isa = PBXTargetDependency;
			target = BBF1E66427A38A80009F5FD6 /* TipCalculator */;
			targetProxy = BBF1E67F27A38A86009F5FD6 /* PBXContainerItemProxy */;
		};
		BBF1E68A27A38A86009F5FD6 /* PBXTargetDependency */ = {
			isa = PBXTargetDependency;
			target = BBF1E66427A38A80009F5FD6 /* TipCalculator */;
			targetProxy = BBF1E68927A38A86009F5FD6 /* PBXContainerItemProxy */;
		};
/* End PBXTargetDependency section */

/* Begin PBXVariantGroup section */
		BBF1E66E27A38A80009F5FD6 /* Main.storyboard */ = {
			isa = PBXVariantGroup;
			children = (
				BBF1E66F27A38A80009F5FD6 /* Base */,
			);
			name = Main.storyboard;
			sourceTree = "<group>";
		};
		BBF1E67627A38A85009F5FD6 /* LaunchScreen.storyboard */ = {
			isa = PBXVariantGroup;
			children = (
				BBF1E67727A38A85009F5FD6 /* Base */,
			);
			name = LaunchScreen.storyboard;
			sourceTree = "<group>";
		};
/* End PBXVariantGroup section */

/* Begin XCBuildConfiguration section */
		BBF1E69027A38A86009F5FD6 /* Debug */ = {
			isa = XCBuildConfiguration;
			buildSettings = {
				ALWAYS_SEARCH_USER_PATHS = NO;
				CLANG_ANALYZER_NONNULL = YES;
				CLANG_ANALYZER_NUMBER_OBJECT_CONVERSION = YES_AGGRESSIVE;
				CLANG_CXX_LANGUAGE_STANDARD = "gnu++17";
				CLANG_CXX_LIBRARY = "libc++";
				CLANG_ENABLE_MODULES = YES;
				CLANG_ENABLE_OBJC_ARC = YES;
				CLANG_ENABLE_OBJC_WEAK = YES;
				CLANG_WARN_BLOCK_CAPTURE_AUTORELEASING = YES;
				CLANG_WARN_BOOL_CONVERSION = YES;
				CLANG_WARN_COMMA = YES;
				CLANG_WARN_CONSTANT_CONVERSION = YES;
				CLANG_WARN_DEPRECATED_OBJC_IMPLEMENTATIONS = YES;
				CLANG_WARN_DIRECT_OBJC_ISA_USAGE = YES_ERROR;
				CLANG_WARN_DOCUMENTATION_COMMENTS = YES;
				CLANG_WARN_EMPTY_BODY = YES;
				CLANG_WARN_ENUM_CONVERSION = YES;
				CLANG_WARN_INFINITE_RECURSION = YES;
				CLANG_WARN_INT_CONVERSION = YES;
				CLANG_WARN_NON_LITERAL_NULL_CONVERSION = YES;
				CLANG_WARN_OBJC_IMPLICIT_RETAIN_SELF = YES;
				CLANG_WARN_OBJC_LITERAL_CONVERSION = YES;
				CLANG_WARN_OBJC_ROOT_CLASS = YES_ERROR;
				CLANG_WARN_QUOTED_INCLUDE_IN_FRAMEWORK_HEADER = YES;
				CLANG_WARN_RANGE_LOOP_ANALYSIS = YES;
				CLANG_WARN_STRICT_PROTOTYPES = YES;
				CLANG_WARN_SUSPICIOUS_MOVE = YES;
				CLANG_WARN_UNGUARDED_AVAILABILITY = YES_AGGRESSIVE;
				CLANG_WARN_UNREACHABLE_CODE = YES;
				CLANG_WARN__DUPLICATE_METHOD_MATCH = YES;
				COPY_PHASE_STRIP = NO;
				DEBUG_INFORMATION_FORMAT = dwarf;
				ENABLE_STRICT_OBJC_MSGSEND = YES;
				ENABLE_TESTABILITY = YES;
				GCC_C_LANGUAGE_STANDARD = gnu11;
				GCC_DYNAMIC_NO_PIC = NO;
				GCC_NO_COMMON_BLOCKS = YES;
				GCC_OPTIMIZATION_LEVEL = 0;
				GCC_PREPROCESSOR_DEFINITIONS = (
					"DEBUG=1",
					"$(inherited)",
				);
				GCC_WARN_64_TO_32_BIT_CONVERSION = YES;
				GCC_WARN_ABOUT_RETURN_TYPE = YES_ERROR;
				GCC_WARN_UNDECLARED_SELECTOR = YES;
				GCC_WARN_UNINITIALIZED_AUTOS = YES_AGGRESSIVE;
				GCC_WARN_UNUSED_FUNCTION = YES;
				GCC_WARN_UNUSED_VARIABLE = YES;
				IPHONEOS_DEPLOYMENT_TARGET = 15.0;
				MTL_ENABLE_DEBUG_INFO = INCLUDE_SOURCE;
				MTL_FAST_MATH = YES;
				ONLY_ACTIVE_ARCH = YES;
				SDKROOT = iphoneos;
				SWIFT_ACTIVE_COMPILATION_CONDITIONS = DEBUG;
				SWIFT_OPTIMIZATION_LEVEL = "-Onone";
			};
			name = Debug;
		};
		BBF1E69127A38A86009F5FD6 /* Release */ = {
			isa = XCBuildConfiguration;
			buildSettings = {
				ALWAYS_SEARCH_USER_PATHS = NO;
				CLANG_ANALYZER_NONNULL = YES;
				CLANG_ANALYZER_NUMBER_OBJECT_CONVERSION = YES_AGGRESSIVE;
				CLANG_CXX_LANGUAGE_STANDARD = "gnu++17";
				CLANG_CXX_LIBRARY = "libc++";
				CLANG_ENABLE_MODULES = YES;
				CLANG_ENABLE_OBJC_ARC = YES;
				CLANG_ENABLE_OBJC_WEAK = YES;
				CLANG_WARN_BLOCK_CAPTURE_AUTORELEASING = YES;
				CLANG_WARN_BOOL_CONVERSION = YES;
				CLANG_WARN_COMMA = YES;
				CLANG_WARN_CONSTANT_CONVERSION = YES;
				CLANG_WARN_DEPRECATED_OBJC_IMPLEMENTATIONS = YES;
				CLANG_WARN_DIRECT_OBJC_ISA_USAGE = YES_ERROR;
				CLANG_WARN_DOCUMENTATION_COMMENTS = YES;
				CLANG_WARN_EMPTY_BODY = YES;
				CLANG_WARN_ENUM_CONVERSION = YES;
				CLANG_WARN_INFINITE_RECURSION = YES;
				CLANG_WARN_INT_CONVERSION = YES;
				CLANG_WARN_NON_LITERAL_NULL_CONVERSION = YES;
				CLANG_WARN_OBJC_IMPLICIT_RETAIN_SELF = YES;
				CLANG_WARN_OBJC_LITERAL_CONVERSION = YES;
				CLANG_WARN_OBJC_ROOT_CLASS = YES_ERROR;
				CLANG_WARN_QUOTED_INCLUDE_IN_FRAMEWORK_HEADER = YES;
				CLANG_WARN_RANGE_LOOP_ANALYSIS = YES;
				CLANG_WARN_STRICT_PROTOTYPES = YES;
				CLANG_WARN_SUSPICIOUS_MOVE = YES;
				CLANG_WARN_UNGUARDED_AVAILABILITY = YES_AGGRESSIVE;
				CLANG_WARN_UNREACHABLE_CODE = YES;
				CLANG_WARN__DUPLICATE_METHOD_MATCH = YES;
				COPY_PHASE_STRIP = NO;
				DEBUG_INFORMATION_FORMAT = "dwarf-with-dsym";
				ENABLE_NS_ASSERTIONS = NO;
				ENABLE_STRICT_OBJC_MSGSEND = YES;
				GCC_C_LANGUAGE_STANDARD = gnu11;
				GCC_NO_COMMON_BLOCKS = YES;
				GCC_WARN_64_TO_32_BIT_CONVERSION = YES;
				GCC_WARN_ABOUT_RETURN_TYPE = YES_ERROR;
				GCC_WARN_UNDECLARED_SELECTOR = YES;
				GCC_WARN_UNINITIALIZED_AUTOS = YES_AGGRESSIVE;
				GCC_WARN_UNUSED_FUNCTION = YES;
				GCC_WARN_UNUSED_VARIABLE = YES;
				IPHONEOS_DEPLOYMENT_TARGET = 15.0;
				MTL_ENABLE_DEBUG_INFO = NO;
				MTL_FAST_MATH = YES;
				SDKROOT = iphoneos;
				SWIFT_COMPILATION_MODE = wholemodule;
				SWIFT_OPTIMIZATION_LEVEL = "-O";
				VALIDATE_PRODUCT = YES;
			};
			name = Release;
		};
		BBF1E69327A38A86009F5FD6 /* Debug */ = {
			isa = XCBuildConfiguration;
			buildSettings = {
				ASSETCATALOG_COMPILER_APPICON_NAME = AppIcon;
				ASSETCATALOG_COMPILER_GLOBAL_ACCENT_COLOR_NAME = AccentColor;
				CODE_SIGN_STYLE = Automatic;
				CURRENT_PROJECT_VERSION = 1;
				DEVELOPMENT_TEAM = UAS3LJRHNA;
				GENERATE_INFOPLIST_FILE = YES;
				INFOPLIST_FILE = TipCalculator/Info.plist;
				INFOPLIST_KEY_UIApplicationSupportsIndirectInputEvents = YES;
				INFOPLIST_KEY_UILaunchStoryboardName = LaunchScreen;
				INFOPLIST_KEY_UIMainStoryboardFile = Main;
				INFOPLIST_KEY_UISupportedInterfaceOrientations_iPad = "UIInterfaceOrientationPortrait UIInterfaceOrientationPortraitUpsideDown UIInterfaceOrientationLandscapeLeft UIInterfaceOrientationLandscapeRight";
				INFOPLIST_KEY_UISupportedInterfaceOrientations_iPhone = "UIInterfaceOrientationPortrait UIInterfaceOrientationLandscapeLeft UIInterfaceOrientationLandscapeRight";
				LD_RUNPATH_SEARCH_PATHS = (
					"$(inherited)",
					"@executable_path/Frameworks",
				);
				MARKETING_VERSION = 1.0;
				PRODUCT_BUNDLE_IDENTIFIER = Parbat.TipCalculator;
				PRODUCT_NAME = "$(TARGET_NAME)";
				SWIFT_EMIT_LOC_STRINGS = YES;
				SWIFT_VERSION = 5.0;
				TARGETED_DEVICE_FAMILY = "1,2";
			};
			name = Debug;
		};
		BBF1E69427A38A86009F5FD6 /* Release */ = {
			isa = XCBuildConfiguration;
			buildSettings = {
				ASSETCATALOG_COMPILER_APPICON_NAME = AppIcon;
				ASSETCATALOG_COMPILER_GLOBAL_ACCENT_COLOR_NAME = AccentColor;
				CODE_SIGN_STYLE = Automatic;
				CURRENT_PROJECT_VERSION = 1;
				DEVELOPMENT_TEAM = UAS3LJRHNA;
				GENERATE_INFOPLIST_FILE = YES;
				INFOPLIST_FILE = TipCalculator/Info.plist;
				INFOPLIST_KEY_UIApplicationSupportsIndirectInputEvents = YES;
				INFOPLIST_KEY_UILaunchStoryboardName = LaunchScreen;
				INFOPLIST_KEY_UIMainStoryboardFile = Main;
				INFOPLIST_KEY_UISupportedInterfaceOrientations_iPad = "UIInterfaceOrientationPortrait UIInterfaceOrientationPortraitUpsideDown UIInterfaceOrientationLandscapeLeft UIInterfaceOrientationLandscapeRight";
				INFOPLIST_KEY_UISupportedInterfaceOrientations_iPhone = "UIInterfaceOrientationPortrait UIInterfaceOrientationLandscapeLeft UIInterfaceOrientationLandscapeRight";
				LD_RUNPATH_SEARCH_PATHS = (
					"$(inherited)",
					"@executable_path/Frameworks",
				);
				MARKETING_VERSION = 1.0;
				PRODUCT_BUNDLE_IDENTIFIER = Parbat.TipCalculator;
				PRODUCT_NAME = "$(TARGET_NAME)";
				SWIFT_EMIT_LOC_STRINGS = YES;
				SWIFT_VERSION = 5.0;
				TARGETED_DEVICE_FAMILY = "1,2";
			};
			name = Release;
		};
		BBF1E69627A38A86009F5FD6 /* Debug */ = {
			isa = XCBuildConfiguration;
			buildSettings = {
				ALWAYS_EMBED_SWIFT_STANDARD_LIBRARIES = YES;
				BUNDLE_LOADER = "$(TEST_HOST)";
				CODE_SIGN_STYLE = Automatic;
				CURRENT_PROJECT_VERSION = 1;
				DEVELOPMENT_TEAM = UAS3LJRHNA;
				GENERATE_INFOPLIST_FILE = YES;
				IPHONEOS_DEPLOYMENT_TARGET = 15.0;
				LD_RUNPATH_SEARCH_PATHS = (
					"$(inherited)",
					"@executable_path/Frameworks",
					"@loader_path/Frameworks",
				);
				MARKETING_VERSION = 1.0;
				PRODUCT_BUNDLE_IDENTIFIER = Parbat.TipCalculatorTests;
				PRODUCT_NAME = "$(TARGET_NAME)";
				SWIFT_EMIT_LOC_STRINGS = NO;
				SWIFT_VERSION = 5.0;
				TARGETED_DEVICE_FAMILY = "1,2";
				TEST_HOST = "$(BUILT_PRODUCTS_DIR)/TipCalculator.app/TipCalculator";
			};
			name = Debug;
		};
		BBF1E69727A38A86009F5FD6 /* Release */ = {
			isa = XCBuildConfiguration;
			buildSettings = {
				ALWAYS_EMBED_SWIFT_STANDARD_LIBRARIES = YES;
				BUNDLE_LOADER = "$(TEST_HOST)";
				CODE_SIGN_STYLE = Automatic;
				CURRENT_PROJECT_VERSION = 1;
				DEVELOPMENT_TEAM = UAS3LJRHNA;
				GENERATE_INFOPLIST_FILE = YES;
				IPHONEOS_DEPLOYMENT_TARGET = 15.0;
				LD_RUNPATH_SEARCH_PATHS = (
					"$(inherited)",
					"@executable_path/Frameworks",
					"@loader_path/Frameworks",
				);
				MARKETING_VERSION = 1.0;
				PRODUCT_BUNDLE_IDENTIFIER = Parbat.TipCalculatorTests;
				PRODUCT_NAME = "$(TARGET_NAME)";
				SWIFT_EMIT_LOC_STRINGS = NO;
				SWIFT_VERSION = 5.0;
				TARGETED_DEVICE_FAMILY = "1,2";
				TEST_HOST = "$(BUILT_PRODUCTS_DIR)/TipCalculator.app/TipCalculator";
			};
			name = Release;
		};
		BBF1E69927A38A86009F5FD6 /* Debug */ = {
			isa = XCBuildConfiguration;
			buildSettings = {
				ALWAYS_EMBED_SWIFT_STANDARD_LIBRARIES = YES;
				CODE_SIGN_STYLE = Automatic;
				CURRENT_PROJECT_VERSION = 1;
				DEVELOPMENT_TEAM = UAS3LJRHNA;
				GENERATE_INFOPLIST_FILE = YES;
				LD_RUNPATH_SEARCH_PATHS = (
					"$(inherited)",
					"@executable_path/Frameworks",
					"@loader_path/Frameworks",
				);
				MARKETING_VERSION = 1.0;
				PRODUCT_BUNDLE_IDENTIFIER = Parbat.TipCalculatorUITests;
				PRODUCT_NAME = "$(TARGET_NAME)";
				SWIFT_EMIT_LOC_STRINGS = NO;
				SWIFT_VERSION = 5.0;
				TARGETED_DEVICE_FAMILY = "1,2";
				TEST_TARGET_NAME = TipCalculator;
			};
			name = Debug;
		};
		BBF1E69A27A38A86009F5FD6 /* Release */ = {
			isa = XCBuildConfiguration;
			buildSettings = {
				ALWAYS_EMBED_SWIFT_STANDARD_LIBRARIES = YES;
				CODE_SIGN_STYLE = Automatic;
				CURRENT_PROJECT_VERSION = 1;
				DEVELOPMENT_TEAM = UAS3LJRHNA;
				GENERATE_INFOPLIST_FILE = YES;
				LD_RUNPATH_SEARCH_PATHS = (
					"$(inherited)",
					"@executable_path/Frameworks",
					"@loader_path/Frameworks",
				);
				MARKETING_VERSION = 1.0;
				PRODUCT_BUNDLE_IDENTIFIER = Parbat.TipCalculatorUITests;
				PRODUCT_NAME = "$(TARGET_NAME)";
				SWIFT_EMIT_LOC_STRINGS = NO;
				SWIFT_VERSION = 5.0;
				TARGETED_DEVICE_FAMILY = "1,2";
				TEST_TARGET_NAME = TipCalculator;
			};
			name = Release;
		};
/* End XCBuildConfiguration section */

/* Begin XCConfigurationList section */
		BBF1E66027A38A80009F5FD6 /* Build configuration list for PBXProject "TipCalculator" */ = {
			isa = XCConfigurationList;
			buildConfigurations = (
				BBF1E69027A38A86009F5FD6 /* Debug */,
				BBF1E69127A38A86009F5FD6 /* Release */,
			);
			defaultConfigurationIsVisible = 0;
			defaultConfigurationName = Release;
		};
		BBF1E69227A38A86009F5FD6 /* Build configuration list for PBXNativeTarget "TipCalculator" */ = {
			isa = XCConfigurationList;
			buildConfigurations = (
				BBF1E69327A38A86009F5FD6 /* Debug */,
				BBF1E69427A38A86009F5FD6 /* Release */,
			);
			defaultConfigurationIsVisible = 0;
			defaultConfigurationName = Release;
		};
		BBF1E69527A38A86009F5FD6 /* Build configuration list for PBXNativeTarget "TipCalculatorTests" */ = {
			isa = XCConfigurationList;
			buildConfigurations = (
				BBF1E69627A38A86009F5FD6 /* Debug */,
				BBF1E69727A38A86009F5FD6 /* Release */,
			);
			defaultConfigurationIsVisible = 0;
			defaultConfigurationName = Release;
		};
		BBF1E69827A38A86009F5FD6 /* Build configuration list for PBXNativeTarget "TipCalculatorUITests" */ = {
			isa = XCConfigurationList;
			buildConfigurations = (
				BBF1E69927A38A86009F5FD6 /* Debug */,
				BBF1E69A27A38A86009F5FD6 /* Release */,
			);
			defaultConfigurationIsVisible = 0;
			defaultConfigurationName = Release;
		};
/* End XCConfigurationList section */

/* Begin XCVersionGroup section */
		BBF1E67127A38A80009F5FD6 /* TipCalculator.xcdatamodeld */ = {
			isa = XCVersionGroup;
			children = (
				BBF1E67227A38A80009F5FD6 /* TipCalculator.xcdatamodel */,
			);
			currentVersion = BBF1E67227A38A80009F5FD6 /* TipCalculator.xcdatamodel */;
			path = TipCalculator.xcdatamodeld;
			sourceTree = "<group>";
			versionGroupType = wrapper.xcdatamodel;
		};
/* End XCVersionGroup section */
	};
	rootObject = BBF1E65D27A38A80009F5FD6 /* Project object */;
}
